// !$*UTF8*$!
{
	archiveVersion = 1;
	classes = {
	};
	objectVersion = 46;
	objects = {

/* Begin PBXBuildFile section */
		180468C11AE65E300077C749 /* NoteTableViewController.m in Sources */ = {isa = PBXBuildFile; fileRef = 180468C01AE65E300077C749 /* NoteTableViewController.m */; };
		1804CFA71ADFE813006F0D21 /* main.m in Sources */ = {isa = PBXBuildFile; fileRef = 1804CFA61ADFE813006F0D21 /* main.m */; };
		1804CFAA1ADFE813006F0D21 /* AppDelegate.m in Sources */ = {isa = PBXBuildFile; fileRef = 1804CFA91ADFE813006F0D21 /* AppDelegate.m */; };
		1804CFAD1ADFE813006F0D21 /* TODO.xcdatamodeld in Sources */ = {isa = PBXBuildFile; fileRef = 1804CFAB1ADFE813006F0D21 /* TODO.xcdatamodeld */; };
		1804CFB01ADFE813006F0D21 /* ViewController.m in Sources */ = {isa = PBXBuildFile; fileRef = 1804CFAF1ADFE813006F0D21 /* ViewController.m */; };
		1804CFB31ADFE813006F0D21 /* Main.storyboard in Resources */ = {isa = PBXBuildFile; fileRef = 1804CFB11ADFE813006F0D21 /* Main.storyboard */; };
		1804CFB51ADFE813006F0D21 /* Images.xcassets in Resources */ = {isa = PBXBuildFile; fileRef = 1804CFB41ADFE813006F0D21 /* Images.xcassets */; };
		1804CFB81ADFE813006F0D21 /* LaunchScreen.xib in Resources */ = {isa = PBXBuildFile; fileRef = 1804CFB61ADFE813006F0D21 /* LaunchScreen.xib */; };
		1804CFC41ADFE813006F0D21 /* TODOTests.m in Sources */ = {isa = PBXBuildFile; fileRef = 1804CFC31ADFE813006F0D21 /* TODOTests.m */; };
		180E29071AFACCF200CBB8A6 /* yindao1.jpg in Resources */ = {isa = PBXBuildFile; fileRef = 180E29051AFACCF200CBB8A6 /* yindao1.jpg */; };
		180E29081AFACCF200CBB8A6 /* yindao2.jpg in Resources */ = {isa = PBXBuildFile; fileRef = 180E29061AFACCF200CBB8A6 /* yindao2.jpg */; };
		180E29131AFB5E0000CBB8A6 /* Localizable.strings in Resources */ = {isa = PBXBuildFile; fileRef = 180E29151AFB5E0000CBB8A6 /* Localizable.strings */; };
		184C50481AFD964F00198616 /* InfoPlist.strings in Resources */ = {isa = PBXBuildFile; fileRef = 184C504A1AFD964F00198616 /* InfoPlist.strings */; };
		184C50531AFD983500198616 /* Info.plist in Resources */ = {isa = PBXBuildFile; fileRef = 184C50511AFD983500198616 /* Info.plist */; };
		184C505E1AFD9D5800198616 /* 000.png in Resources */ = {isa = PBXBuildFile; fileRef = 184C505D1AFD9D5800198616 /* 000.png */; };
		186B83231AEE54DF0066A62D /* note_background.png in Resources */ = {isa = PBXBuildFile; fileRef = 186B83221AEE54DF0066A62D /* note_background.png */; };
		186B832A1AEE64B40066A62D /* welcome_bg.png in Resources */ = {isa = PBXBuildFile; fileRef = 186B83291AEE64B40066A62D /* welcome_bg.png */; };
		186B832E1AEE6B7E0066A62D /* TouchIDViewController.m in Sources */ = {isa = PBXBuildFile; fileRef = 186B832C1AEE6B7E0066A62D /* TouchIDViewController.m */; };
		186B83311AEE6FB00066A62D /* iconfont-zhiwen.png in Resources */ = {isa = PBXBuildFile; fileRef = 186B83301AEE6FB00066A62D /* iconfont-zhiwen.png */; };
		1897E5371AE88C7000E7C2A5 /* iconfont-bijiben.png in Resources */ = {isa = PBXBuildFile; fileRef = 1897E5351AE88C7000E7C2A5 /* iconfont-bijiben.png */; };
		1897E5381AE88C7000E7C2A5 /* iconfont-note.png in Resources */ = {isa = PBXBuildFile; fileRef = 1897E5361AE88C7000E7C2A5 /* iconfont-note.png */; };
		1897E53B1AE88DB300E7C2A5 /* WriteNoteTableViewController.m in Sources */ = {isa = PBXBuildFile; fileRef = 1897E53A1AE88DB300E7C2A5 /* WriteNoteTableViewController.m */; };
		1897E53F1AE8C32300E7C2A5 /* NoteEntity.m in Sources */ = {isa = PBXBuildFile; fileRef = 1897E53E1AE8C32300E7C2A5 /* NoteEntity.m */; };
		1897E5431AE8C3CB00E7C2A5 /* NoteTableViewControllerViewModel.m in Sources */ = {isa = PBXBuildFile; fileRef = 1897E5421AE8C3CB00E7C2A5 /* NoteTableViewControllerViewModel.m */; };
		1897E5471AE8C87700E7C2A5 /* Constants.m in Sources */ = {isa = PBXBuildFile; fileRef = 1897E5461AE8C87700E7C2A5 /* Constants.m */; };
		1897E54A1AE8D0EC00E7C2A5 /* WriteNoteTableViewControllerViewModel.m in Sources */ = {isa = PBXBuildFile; fileRef = 1897E5491AE8D0EC00E7C2A5 /* WriteNoteTableViewControllerViewModel.m */; };
		1897E5521AE8D79D00E7C2A5 /* NoteTableViewCell.m in Sources */ = {isa = PBXBuildFile; fileRef = 1897E5501AE8D79D00E7C2A5 /* NoteTableViewCell.m */; };
		1897E5531AE8D79D00E7C2A5 /* NoteTableViewCell.xib in Resources */ = {isa = PBXBuildFile; fileRef = 1897E5511AE8D79D00E7C2A5 /* NoteTableViewCell.xib */; };
		1897E5551AE8E89100E7C2A5 /* iconfont-save.png in Resources */ = {isa = PBXBuildFile; fileRef = 1897E5541AE8E89100E7C2A5 /* iconfont-save.png */; };
		1897E5571AE8FF2600E7C2A5 /* iconfont-setting.png in Resources */ = {isa = PBXBuildFile; fileRef = 1897E5561AE8FF2600E7C2A5 /* iconfont-setting.png */; };
		18FE3CE31AF1B488006D7536 /* JKLLockScreenNumber.m in Sources */ = {isa = PBXBuildFile; fileRef = 18FE3CDD1AF1B488006D7536 /* JKLLockScreenNumber.m */; };
		18FE3CE41AF1B488006D7536 /* JKLLockScreenPincodeView.m in Sources */ = {isa = PBXBuildFile; fileRef = 18FE3CDF1AF1B488006D7536 /* JKLLockScreenPincodeView.m */; };
		18FE3CE51AF1B488006D7536 /* JKLLockScreenViewController.m in Sources */ = {isa = PBXBuildFile; fileRef = 18FE3CE11AF1B488006D7536 /* JKLLockScreenViewController.m */; };
		18FE3CE61AF1B488006D7536 /* JKLLockScreenViewController.xib in Resources */ = {isa = PBXBuildFile; fileRef = 18FE3CE21AF1B488006D7536 /* JKLLockScreenViewController.xib */; };
		18FE3CE91AF1B603006D7536 /* MenuTableViewController.m in Sources */ = {isa = PBXBuildFile; fileRef = 18FE3CE81AF1B603006D7536 /* MenuTableViewController.m */; };
		E044BC9E9E50F283E7DCD829 /* libPods.a in Frameworks */ = {isa = PBXBuildFile; fileRef = 6ED806C46CC5D8A3007BD010 /* libPods.a */; };
/* End PBXBuildFile section */

/* Begin PBXContainerItemProxy section */
		1804CFBE1ADFE813006F0D21 /* PBXContainerItemProxy */ = {
			isa = PBXContainerItemProxy;
			containerPortal = 1804CF991ADFE813006F0D21 /* Project object */;
			proxyType = 1;
			remoteGlobalIDString = 1804CFA01ADFE813006F0D21;
			remoteInfo = TODO;
		};
/* End PBXContainerItemProxy section */

/* Begin PBXFileReference section */
		180468BF1AE65E300077C749 /* NoteTableViewController.h */ = {isa = PBXFileReference; fileEncoding = 4; lastKnownFileType = sourcecode.c.h; name = NoteTableViewController.h; path = ViewColl/NoteTableViewController.h; sourceTree = "<group>"; };
		180468C01AE65E300077C749 /* NoteTableViewController.m */ = {isa = PBXFileReference; fileEncoding = 4; lastKnownFileType = sourcecode.c.objc; name = NoteTableViewController.m; path = ViewColl/NoteTableViewController.m; sourceTree = "<group>"; };
		1804CFA11ADFE813006F0D21 /* TODO.app */ = {isa = PBXFileReference; explicitFileType = wrapper.application; includeInIndex = 0; path = TODO.app; sourceTree = BUILT_PRODUCTS_DIR; };
		1804CFA61ADFE813006F0D21 /* main.m */ = {isa = PBXFileReference; lastKnownFileType = sourcecode.c.objc; path = main.m; sourceTree = "<group>"; };
		1804CFA81ADFE813006F0D21 /* AppDelegate.h */ = {isa = PBXFileReference; lastKnownFileType = sourcecode.c.h; path = AppDelegate.h; sourceTree = "<group>"; };
		1804CFA91ADFE813006F0D21 /* AppDelegate.m */ = {isa = PBXFileReference; lastKnownFileType = sourcecode.c.objc; path = AppDelegate.m; sourceTree = "<group>"; };
		1804CFAC1ADFE813006F0D21 /* TODO.xcdatamodel */ = {isa = PBXFileReference; lastKnownFileType = wrapper.xcdatamodel; path = TODO.xcdatamodel; sourceTree = "<group>"; };
		1804CFAE1ADFE813006F0D21 /* ViewController.h */ = {isa = PBXFileReference; lastKnownFileType = sourcecode.c.h; path = ViewController.h; sourceTree = "<group>"; };
		1804CFAF1ADFE813006F0D21 /* ViewController.m */ = {isa = PBXFileReference; lastKnownFileType = sourcecode.c.objc; path = ViewController.m; sourceTree = "<group>"; };
		1804CFB21ADFE813006F0D21 /* Base */ = {isa = PBXFileReference; lastKnownFileType = file.storyboard; name = Base; path = Base.lproj/Main.storyboard; sourceTree = "<group>"; };
		1804CFB41ADFE813006F0D21 /* Images.xcassets */ = {isa = PBXFileReference; lastKnownFileType = folder.assetcatalog; path = Images.xcassets; sourceTree = "<group>"; };
		1804CFB71ADFE813006F0D21 /* Base */ = {isa = PBXFileReference; lastKnownFileType = file.xib; name = Base; path = Base.lproj/LaunchScreen.xib; sourceTree = "<group>"; };
		1804CFBD1ADFE813006F0D21 /* TODOTests.xctest */ = {isa = PBXFileReference; explicitFileType = wrapper.cfbundle; includeInIndex = 0; path = TODOTests.xctest; sourceTree = BUILT_PRODUCTS_DIR; };
		1804CFC21ADFE813006F0D21 /* Info.plist */ = {isa = PBXFileReference; lastKnownFileType = text.plist.xml; path = Info.plist; sourceTree = "<group>"; };
		1804CFC31ADFE813006F0D21 /* TODOTests.m */ = {isa = PBXFileReference; lastKnownFileType = sourcecode.c.objc; path = TODOTests.m; sourceTree = "<group>"; };
		180E29051AFACCF200CBB8A6 /* yindao1.jpg */ = {isa = PBXFileReference; lastKnownFileType = image.jpeg; path = yindao1.jpg; sourceTree = "<group>"; };
		180E29061AFACCF200CBB8A6 /* yindao2.jpg */ = {isa = PBXFileReference; lastKnownFileType = image.jpeg; path = yindao2.jpg; sourceTree = "<group>"; };
		180E29091AFB599700CBB8A6 /* zh-Hans */ = {isa = PBXFileReference; lastKnownFileType = text.plist.strings; name = "zh-Hans"; path = "zh-Hans.lproj/Main.strings"; sourceTree = "<group>"; };
		180E290C1AFB5ADB00CBB8A6 /* en */ = {isa = PBXFileReference; lastKnownFileType = text.plist.strings; name = en; path = en.lproj/Main.strings; sourceTree = "<group>"; };
		180E29161AFB5E0300CBB8A6 /* zh-Hans */ = {isa = PBXFileReference; lastKnownFileType = text.plist.strings; name = "zh-Hans"; path = "zh-Hans.lproj/Localizable.strings"; sourceTree = "<group>"; };
		181D046C1AFC4A9900AEA2D3 /* en */ = {isa = PBXFileReference; lastKnownFileType = text.plist.strings; name = en; path = en.lproj/Localizable.strings; sourceTree = "<group>"; };
		184C50491AFD964F00198616 /* zh-Hans */ = {isa = PBXFileReference; lastKnownFileType = text.plist.strings; name = "zh-Hans"; path = "zh-Hans.lproj/InfoPlist.strings"; sourceTree = "<group>"; };
		184C504C1AFD965500198616 /* Base */ = {isa = PBXFileReference; lastKnownFileType = text.plist.strings; name = Base; path = Base.lproj/InfoPlist.strings; sourceTree = "<group>"; };
		184C50541AFD983B00198616 /* Base */ = {isa = PBXFileReference; lastKnownFileType = text.plist.xml; name = Base; path = Base.lproj/Info.plist; sourceTree = "<group>"; };
		184C505D1AFD9D5800198616 /* 000.png */ = {isa = PBXFileReference; lastKnownFileType = image.png; path = 000.png; sourceTree = "<group>"; };
		186B83221AEE54DF0066A62D /* note_background.png */ = {isa = PBXFileReference; lastKnownFileType = image.png; path = note_background.png; sourceTree = "<group>"; };
		186B83291AEE64B40066A62D /* welcome_bg.png */ = {isa = PBXFileReference; lastKnownFileType = image.png; path = welcome_bg.png; sourceTree = "<group>"; };
		186B832B1AEE6B7E0066A62D /* TouchIDViewController.h */ = {isa = PBXFileReference; fileEncoding = 4; lastKnownFileType = sourcecode.c.h; name = TouchIDViewController.h; path = ViewColl/TouchIDViewController.h; sourceTree = "<group>"; };
		186B832C1AEE6B7E0066A62D /* TouchIDViewController.m */ = {isa = PBXFileReference; fileEncoding = 4; lastKnownFileType = sourcecode.c.objc; name = TouchIDViewController.m; path = ViewColl/TouchIDViewController.m; sourceTree = "<group>"; };
		186B83301AEE6FB00066A62D /* iconfont-zhiwen.png */ = {isa = PBXFileReference; lastKnownFileType = image.png; path = "iconfont-zhiwen.png"; sourceTree = "<group>"; };
		1897E5351AE88C7000E7C2A5 /* iconfont-bijiben.png */ = {isa = PBXFileReference; lastKnownFileType = image.png; path = "iconfont-bijiben.png"; sourceTree = "<group>"; };
		1897E5361AE88C7000E7C2A5 /* iconfont-note.png */ = {isa = PBXFileReference; lastKnownFileType = image.png; path = "iconfont-note.png"; sourceTree = "<group>"; };
		1897E5391AE88DB300E7C2A5 /* WriteNoteTableViewController.h */ = {isa = PBXFileReference; fileEncoding = 4; lastKnownFileType = sourcecode.c.h; name = WriteNoteTableViewController.h; path = ViewColl/WriteNoteTableViewController.h; sourceTree = "<group>"; };
		1897E53A1AE88DB300E7C2A5 /* WriteNoteTableViewController.m */ = {isa = PBXFileReference; fileEncoding = 4; lastKnownFileType = sourcecode.c.objc; name = WriteNoteTableViewController.m; path = ViewColl/WriteNoteTableViewController.m; sourceTree = "<group>"; };
		1897E53D1AE8C32300E7C2A5 /* NoteEntity.h */ = {isa = PBXFileReference; fileEncoding = 4; lastKnownFileType = sourcecode.c.h; name = NoteEntity.h; path = Model/NoteEntity.h; sourceTree = "<group>"; };
		1897E53E1AE8C32300E7C2A5 /* NoteEntity.m */ = {isa = PBXFileReference; fileEncoding = 4; lastKnownFileType = sourcecode.c.objc; name = NoteEntity.m; path = Model/NoteEntity.m; sourceTree = "<group>"; };
		1897E5411AE8C3CB00E7C2A5 /* NoteTableViewControllerViewModel.h */ = {isa = PBXFileReference; fileEncoding = 4; lastKnownFileType = sourcecode.c.h; name = NoteTableViewControllerViewModel.h; path = ViewModel/NoteTableViewControllerViewModel.h; sourceTree = "<group>"; };
		1897E5421AE8C3CB00E7C2A5 /* NoteTableViewControllerViewModel.m */ = {isa = PBXFileReference; fileEncoding = 4; lastKnownFileType = sourcecode.c.objc; name = NoteTableViewControllerViewModel.m; path = ViewModel/NoteTableViewControllerViewModel.m; sourceTree = "<group>"; };
		1897E5451AE8C87700E7C2A5 /* Constants.h */ = {isa = PBXFileReference; fileEncoding = 4; lastKnownFileType = sourcecode.c.h; name = Constants.h; path = Constants/Constants.h; sourceTree = "<group>"; };
		1897E5461AE8C87700E7C2A5 /* Constants.m */ = {isa = PBXFileReference; fileEncoding = 4; lastKnownFileType = sourcecode.c.objc; name = Constants.m; path = Constants/Constants.m; sourceTree = "<group>"; };
		1897E5481AE8D0EC00E7C2A5 /* WriteNoteTableViewControllerViewModel.h */ = {isa = PBXFileReference; fileEncoding = 4; lastKnownFileType = sourcecode.c.h; name = WriteNoteTableViewControllerViewModel.h; path = ViewModel/WriteNoteTableViewControllerViewModel.h; sourceTree = "<group>"; };
		1897E5491AE8D0EC00E7C2A5 /* WriteNoteTableViewControllerViewModel.m */ = {isa = PBXFileReference; fileEncoding = 4; lastKnownFileType = sourcecode.c.objc; name = WriteNoteTableViewControllerViewModel.m; path = ViewModel/WriteNoteTableViewControllerViewModel.m; sourceTree = "<group>"; };
		1897E54F1AE8D79D00E7C2A5 /* NoteTableViewCell.h */ = {isa = PBXFileReference; fileEncoding = 4; lastKnownFileType = sourcecode.c.h; name = NoteTableViewCell.h; path = Cell/NoteTableViewCell.h; sourceTree = "<group>"; };
		1897E5501AE8D79D00E7C2A5 /* NoteTableViewCell.m */ = {isa = PBXFileReference; fileEncoding = 4; lastKnownFileType = sourcecode.c.objc; name = NoteTableViewCell.m; path = Cell/NoteTableViewCell.m; sourceTree = "<group>"; };
		1897E5511AE8D79D00E7C2A5 /* NoteTableViewCell.xib */ = {isa = PBXFileReference; fileEncoding = 4; lastKnownFileType = file.xib; name = NoteTableViewCell.xib; path = Cell/NoteTableViewCell.xib; sourceTree = "<group>"; };
		1897E5541AE8E89100E7C2A5 /* iconfont-save.png */ = {isa = PBXFileReference; lastKnownFileType = image.png; path = "iconfont-save.png"; sourceTree = "<group>"; };
		1897E5561AE8FF2600E7C2A5 /* iconfont-setting.png */ = {isa = PBXFileReference; lastKnownFileType = image.png; path = "iconfont-setting.png"; sourceTree = "<group>"; };
		18FE3CDC1AF1B488006D7536 /* JKLLockScreenNumber.h */ = {isa = PBXFileReference; fileEncoding = 4; lastKnownFileType = sourcecode.c.h; path = JKLLockScreenNumber.h; sourceTree = "<group>"; };
		18FE3CDD1AF1B488006D7536 /* JKLLockScreenNumber.m */ = {isa = PBXFileReference; fileEncoding = 4; lastKnownFileType = sourcecode.c.objc; path = JKLLockScreenNumber.m; sourceTree = "<group>"; };
		18FE3CDE1AF1B488006D7536 /* JKLLockScreenPincodeView.h */ = {isa = PBXFileReference; fileEncoding = 4; lastKnownFileType = sourcecode.c.h; path = JKLLockScreenPincodeView.h; sourceTree = "<group>"; };
		18FE3CDF1AF1B488006D7536 /* JKLLockScreenPincodeView.m */ = {isa = PBXFileReference; fileEncoding = 4; lastKnownFileType = sourcecode.c.objc; path = JKLLockScreenPincodeView.m; sourceTree = "<group>"; };
		18FE3CE01AF1B488006D7536 /* JKLLockScreenViewController.h */ = {isa = PBXFileReference; fileEncoding = 4; lastKnownFileType = sourcecode.c.h; path = JKLLockScreenViewController.h; sourceTree = "<group>"; };
		18FE3CE11AF1B488006D7536 /* JKLLockScreenViewController.m */ = {isa = PBXFileReference; fileEncoding = 4; lastKnownFileType = sourcecode.c.objc; path = JKLLockScreenViewController.m; sourceTree = "<group>"; };
		18FE3CE21AF1B488006D7536 /* JKLLockScreenViewController.xib */ = {isa = PBXFileReference; fileEncoding = 4; lastKnownFileType = file.xib; path = JKLLockScreenViewController.xib; sourceTree = "<group>"; };
		18FE3CE71AF1B603006D7536 /* MenuTableViewController.h */ = {isa = PBXFileReference; fileEncoding = 4; lastKnownFileType = sourcecode.c.h; name = MenuTableViewController.h; path = ViewColl/MenuTableViewController.h; sourceTree = "<group>"; };
		18FE3CE81AF1B603006D7536 /* MenuTableViewController.m */ = {isa = PBXFileReference; fileEncoding = 4; lastKnownFileType = sourcecode.c.objc; name = MenuTableViewController.m; path = ViewColl/MenuTableViewController.m; sourceTree = "<group>"; };
		52D650BC5F0A4C851F28E525 /* Pods.debug.xcconfig */ = {isa = PBXFileReference; includeInIndex = 1; lastKnownFileType = text.xcconfig; name = Pods.debug.xcconfig; path = "Pods/Target Support Files/Pods/Pods.debug.xcconfig"; sourceTree = "<group>"; };
		6ED806C46CC5D8A3007BD010 /* libPods.a */ = {isa = PBXFileReference; explicitFileType = archive.ar; includeInIndex = 0; path = libPods.a; sourceTree = BUILT_PRODUCTS_DIR; };
		7EC85B372C1884860BC2CBC9 /* Pods.release.xcconfig */ = {isa = PBXFileReference; includeInIndex = 1; lastKnownFileType = text.xcconfig; name = Pods.release.xcconfig; path = "Pods/Target Support Files/Pods/Pods.release.xcconfig"; sourceTree = "<group>"; };
/* End PBXFileReference section */

/* Begin PBXFrameworksBuildPhase section */
		1804CF9E1ADFE813006F0D21 /* Frameworks */ = {
			isa = PBXFrameworksBuildPhase;
			buildActionMask = 2147483647;
			files = (
				E044BC9E9E50F283E7DCD829 /* libPods.a in Frameworks */,
			);
			runOnlyForDeploymentPostprocessing = 0;
		};
		1804CFBA1ADFE813006F0D21 /* Frameworks */ = {
			isa = PBXFrameworksBuildPhase;
			buildActionMask = 2147483647;
			files = (
			);
			runOnlyForDeploymentPostprocessing = 0;
		};
/* End PBXFrameworksBuildPhase section */

/* Begin PBXGroup section */
		180468BE1AE65E030077C749 /* ViewColl */ = {
			isa = PBXGroup;
			children = (
				186B832B1AEE6B7E0066A62D /* TouchIDViewController.h */,
				186B832C1AEE6B7E0066A62D /* TouchIDViewController.m */,
				180468BF1AE65E300077C749 /* NoteTableViewController.h */,
				180468C01AE65E300077C749 /* NoteTableViewController.m */,
				1897E5391AE88DB300E7C2A5 /* WriteNoteTableViewController.h */,
				1897E53A1AE88DB300E7C2A5 /* WriteNoteTableViewController.m */,
				18FE3CE71AF1B603006D7536 /* MenuTableViewController.h */,
				18FE3CE81AF1B603006D7536 /* MenuTableViewController.m */,
			);
			name = ViewColl;
			sourceTree = "<group>";
		};
		1804CF981ADFE813006F0D21 = {
			isa = PBXGroup;
			children = (
				1804CFA31ADFE813006F0D21 /* TODO */,
				1804CFC01ADFE813006F0D21 /* TODOTests */,
				1804CFA21ADFE813006F0D21 /* Products */,
				FB25909EED6E32C9712DC320 /* Pods */,
				BE41EC7AB8A15760AEB62757 /* Frameworks */,
			);
			sourceTree = "<group>";
		};
		1804CFA21ADFE813006F0D21 /* Products */ = {
			isa = PBXGroup;
			children = (
				1804CFA11ADFE813006F0D21 /* TODO.app */,
				1804CFBD1ADFE813006F0D21 /* TODOTests.xctest */,
			);
			name = Products;
			sourceTree = "<group>";
		};
		1804CFA31ADFE813006F0D21 /* TODO */ = {
			isa = PBXGroup;
			children = (
				186B83241AEE5F0A0066A62D /* libs */,
				1897E54B1AE8D69A00E7C2A5 /* Cell */,
				1897E5441AE8C84100E7C2A5 /* Constants */,
				1897E5401AE8C3A500E7C2A5 /* ViewModel */,
				1897E53C1AE8C30700E7C2A5 /* Model */,
				180468BE1AE65E030077C749 /* ViewColl */,
				1804CFA81ADFE813006F0D21 /* AppDelegate.h */,
				1804CFA91ADFE813006F0D21 /* AppDelegate.m */,
				1804CFAE1ADFE813006F0D21 /* ViewController.h */,
				1804CFAF1ADFE813006F0D21 /* ViewController.m */,
				1804CFB11ADFE813006F0D21 /* Main.storyboard */,
				1804CFB41ADFE813006F0D21 /* Images.xcassets */,
				1804CFB61ADFE813006F0D21 /* LaunchScreen.xib */,
				1804CFAB1ADFE813006F0D21 /* TODO.xcdatamodeld */,
				1804CFA41ADFE813006F0D21 /* Supporting Files */,
			);
			path = TODO;
			sourceTree = "<group>";
		};
		1804CFA41ADFE813006F0D21 /* Supporting Files */ = {
			isa = PBXGroup;
			children = (
				184C50511AFD983500198616 /* Info.plist */,
				1897E5341AE88C7000E7C2A5 /* Images */,
				184C504A1AFD964F00198616 /* InfoPlist.strings */,
				1804CFA61ADFE813006F0D21 /* main.m */,
				180E29151AFB5E0000CBB8A6 /* Localizable.strings */,
			);
			name = "Supporting Files";
			sourceTree = "<group>";
		};
		1804CFC01ADFE813006F0D21 /* TODOTests */ = {
			isa = PBXGroup;
			children = (
				1804CFC31ADFE813006F0D21 /* TODOTests.m */,
				1804CFC11ADFE813006F0D21 /* Supporting Files */,
			);
			path = TODOTests;
			sourceTree = "<group>";
		};
		1804CFC11ADFE813006F0D21 /* Supporting Files */ = {
			isa = PBXGroup;
			children = (
				1804CFC21ADFE813006F0D21 /* Info.plist */,
			);
			name = "Supporting Files";
			sourceTree = "<group>";
		};
		186B83241AEE5F0A0066A62D /* libs */ = {
			isa = PBXGroup;
			children = (
				18FE3CDB1AF1B488006D7536 /* LockScreenViewController */,
			);
			path = libs;
			sourceTree = "<group>";
		};
		1897E5341AE88C7000E7C2A5 /* Images */ = {
			isa = PBXGroup;
			children = (
				184C505D1AFD9D5800198616 /* 000.png */,
				180E29051AFACCF200CBB8A6 /* yindao1.jpg */,
				180E29061AFACCF200CBB8A6 /* yindao2.jpg */,
				186B83301AEE6FB00066A62D /* iconfont-zhiwen.png */,
				186B83291AEE64B40066A62D /* welcome_bg.png */,
				186B83221AEE54DF0066A62D /* note_background.png */,
				1897E5561AE8FF2600E7C2A5 /* iconfont-setting.png */,
				1897E5541AE8E89100E7C2A5 /* iconfont-save.png */,
				1897E5351AE88C7000E7C2A5 /* iconfont-bijiben.png */,
				1897E5361AE88C7000E7C2A5 /* iconfont-note.png */,
			);
			path = Images;
			sourceTree = "<group>";
		};
		1897E53C1AE8C30700E7C2A5 /* Model */ = {
			isa = PBXGroup;
			children = (
				1897E53D1AE8C32300E7C2A5 /* NoteEntity.h */,
				1897E53E1AE8C32300E7C2A5 /* NoteEntity.m */,
			);
			name = Model;
			sourceTree = "<group>";
		};
		1897E5401AE8C3A500E7C2A5 /* ViewModel */ = {
			isa = PBXGroup;
			children = (
				1897E5411AE8C3CB00E7C2A5 /* NoteTableViewControllerViewModel.h */,
				1897E5421AE8C3CB00E7C2A5 /* NoteTableViewControllerViewModel.m */,
				1897E5481AE8D0EC00E7C2A5 /* WriteNoteTableViewControllerViewModel.h */,
				1897E5491AE8D0EC00E7C2A5 /* WriteNoteTableViewControllerViewModel.m */,
			);
			name = ViewModel;
			sourceTree = "<group>";
		};
		1897E5441AE8C84100E7C2A5 /* Constants */ = {
			isa = PBXGroup;
			children = (
				1897E5451AE8C87700E7C2A5 /* Constants.h */,
				1897E5461AE8C87700E7C2A5 /* Constants.m */,
			);
			name = Constants;
			sourceTree = "<group>";
		};
		1897E54B1AE8D69A00E7C2A5 /* Cell */ = {
			isa = PBXGroup;
			children = (
				1897E54F1AE8D79D00E7C2A5 /* NoteTableViewCell.h */,
				1897E5501AE8D79D00E7C2A5 /* NoteTableViewCell.m */,
				1897E5511AE8D79D00E7C2A5 /* NoteTableViewCell.xib */,
			);
			name = Cell;
			sourceTree = "<group>";
		};
		18FE3CDB1AF1B488006D7536 /* LockScreenViewController */ = {
			isa = PBXGroup;
			children = (
				18FE3CDC1AF1B488006D7536 /* JKLLockScreenNumber.h */,
				18FE3CDD1AF1B488006D7536 /* JKLLockScreenNumber.m */,
				18FE3CDE1AF1B488006D7536 /* JKLLockScreenPincodeView.h */,
				18FE3CDF1AF1B488006D7536 /* JKLLockScreenPincodeView.m */,
				18FE3CE01AF1B488006D7536 /* JKLLockScreenViewController.h */,
				18FE3CE11AF1B488006D7536 /* JKLLockScreenViewController.m */,
				18FE3CE21AF1B488006D7536 /* JKLLockScreenViewController.xib */,
			);
			path = LockScreenViewController;
			sourceTree = "<group>";
		};
		BE41EC7AB8A15760AEB62757 /* Frameworks */ = {
			isa = PBXGroup;
			children = (
				6ED806C46CC5D8A3007BD010 /* libPods.a */,
			);
			name = Frameworks;
			sourceTree = "<group>";
		};
		FB25909EED6E32C9712DC320 /* Pods */ = {
			isa = PBXGroup;
			children = (
				52D650BC5F0A4C851F28E525 /* Pods.debug.xcconfig */,
				7EC85B372C1884860BC2CBC9 /* Pods.release.xcconfig */,
			);
			name = Pods;
			sourceTree = "<group>";
		};
/* End PBXGroup section */

/* Begin PBXNativeTarget section */
		1804CFA01ADFE813006F0D21 /* TODO */ = {
			isa = PBXNativeTarget;
			buildConfigurationList = 1804CFC71ADFE813006F0D21 /* Build configuration list for PBXNativeTarget "TODO" */;
			buildPhases = (
				4E61844FD255C97C580C836B /* Check Pods Manifest.lock */,
				1804CF9D1ADFE813006F0D21 /* Sources */,
				1804CF9E1ADFE813006F0D21 /* Frameworks */,
				1804CF9F1ADFE813006F0D21 /* Resources */,
				6E57D247626C5077A7E1482E /* Copy Pods Resources */,
			);
			buildRules = (
			);
			dependencies = (
			);
			name = TODO;
			productName = TODO;
			productReference = 1804CFA11ADFE813006F0D21 /* TODO.app */;
			productType = "com.apple.product-type.application";
		};
		1804CFBC1ADFE813006F0D21 /* TODOTests */ = {
			isa = PBXNativeTarget;
			buildConfigurationList = 1804CFCA1ADFE813006F0D21 /* Build configuration list for PBXNativeTarget "TODOTests" */;
			buildPhases = (
				1804CFB91ADFE813006F0D21 /* Sources */,
				1804CFBA1ADFE813006F0D21 /* Frameworks */,
				1804CFBB1ADFE813006F0D21 /* Resources */,
			);
			buildRules = (
			);
			dependencies = (
				1804CFBF1ADFE813006F0D21 /* PBXTargetDependency */,
			);
			name = TODOTests;
			productName = TODOTests;
			productReference = 1804CFBD1ADFE813006F0D21 /* TODOTests.xctest */;
			productType = "com.apple.product-type.bundle.unit-test";
		};
/* End PBXNativeTarget section */

/* Begin PBXProject section */
		1804CF991ADFE813006F0D21 /* Project object */ = {
			isa = PBXProject;
			attributes = {
				LastUpgradeCheck = 0630;
				ORGANIZATIONNAME = chenguandong;
				TargetAttributes = {
					1804CFA01ADFE813006F0D21 = {
						CreatedOnToolsVersion = 6.3;
						DevelopmentTeam = BU39DT6VD4;
					};
					1804CFBC1ADFE813006F0D21 = {
						CreatedOnToolsVersion = 6.3;
						TestTargetID = 1804CFA01ADFE813006F0D21;
					};
				};
			};
			buildConfigurationList = 1804CF9C1ADFE813006F0D21 /* Build configuration list for PBXProject "TODO" */;
			compatibilityVersion = "Xcode 3.2";
			developmentRegion = English;
			hasScannedForEncodings = 0;
			knownRegions = (
				en,
				Base,
				"zh-Hans",
			);
			mainGroup = 1804CF981ADFE813006F0D21;
			productRefGroup = 1804CFA21ADFE813006F0D21 /* Products */;
			projectDirPath = "";
			projectRoot = "";
			targets = (
				1804CFA01ADFE813006F0D21 /* TODO */,
				1804CFBC1ADFE813006F0D21 /* TODOTests */,
			);
		};
/* End PBXProject section */

/* Begin PBXResourcesBuildPhase section */
		1804CF9F1ADFE813006F0D21 /* Resources */ = {
			isa = PBXResourcesBuildPhase;
			buildActionMask = 2147483647;
			files = (
				186B83311AEE6FB00066A62D /* iconfont-zhiwen.png in Resources */,
				1804CFB31ADFE813006F0D21 /* Main.storyboard in Resources */,
				180E29081AFACCF200CBB8A6 /* yindao2.jpg in Resources */,
				186B832A1AEE64B40066A62D /* welcome_bg.png in Resources */,
				184C50481AFD964F00198616 /* InfoPlist.strings in Resources */,
				1804CFB81ADFE813006F0D21 /* LaunchScreen.xib in Resources */,
				184C505E1AFD9D5800198616 /* 000.png in Resources */,
				1897E5571AE8FF2600E7C2A5 /* iconfont-setting.png in Resources */,
				18FE3CE61AF1B488006D7536 /* JKLLockScreenViewController.xib in Resources */,
				1897E5381AE88C7000E7C2A5 /* iconfont-note.png in Resources */,
				180E29071AFACCF200CBB8A6 /* yindao1.jpg in Resources */,
				184C50531AFD983500198616 /* Info.plist in Resources */,
				1897E5531AE8D79D00E7C2A5 /* NoteTableViewCell.xib in Resources */,
				180E29131AFB5E0000CBB8A6 /* Localizable.strings in Resources */,
				1804CFB51ADFE813006F0D21 /* Images.xcassets in Resources */,
				186B83231AEE54DF0066A62D /* note_background.png in Resources */,
				1897E5551AE8E89100E7C2A5 /* iconfont-save.png in Resources */,
				1897E5371AE88C7000E7C2A5 /* iconfont-bijiben.png in Resources */,
			);
			runOnlyForDeploymentPostprocessing = 0;
		};
		1804CFBB1ADFE813006F0D21 /* Resources */ = {
			isa = PBXResourcesBuildPhase;
			buildActionMask = 2147483647;
			files = (
			);
			runOnlyForDeploymentPostprocessing = 0;
		};
/* End PBXResourcesBuildPhase section */

/* Begin PBXShellScriptBuildPhase section */
		4E61844FD255C97C580C836B /* Check Pods Manifest.lock */ = {
			isa = PBXShellScriptBuildPhase;
			buildActionMask = 2147483647;
			files = (
			);
			inputPaths = (
			);
			name = "Check Pods Manifest.lock";
			outputPaths = (
			);
			runOnlyForDeploymentPostprocessing = 0;
			shellPath = /bin/sh;
			shellScript = "diff \"${PODS_ROOT}/../Podfile.lock\" \"${PODS_ROOT}/Manifest.lock\" > /dev/null\nif [[ $? != 0 ]] ; then\n    cat << EOM\nerror: The sandbox is not in sync with the Podfile.lock. Run 'pod install' or update your CocoaPods installation.\nEOM\n    exit 1\nfi\n";
			showEnvVarsInLog = 0;
		};
		6E57D247626C5077A7E1482E /* Copy Pods Resources */ = {
			isa = PBXShellScriptBuildPhase;
			buildActionMask = 2147483647;
			files = (
			);
			inputPaths = (
			);
			name = "Copy Pods Resources";
			outputPaths = (
			);
			runOnlyForDeploymentPostprocessing = 0;
			shellPath = /bin/sh;
			shellScript = "\"${SRCROOT}/Pods/Target Support Files/Pods/Pods-resources.sh\"\n";
			showEnvVarsInLog = 0;
		};
/* End PBXShellScriptBuildPhase section */

/* Begin PBXSourcesBuildPhase section */
		1804CF9D1ADFE813006F0D21 /* Sources */ = {
			isa = PBXSourcesBuildPhase;
			buildActionMask = 2147483647;
			files = (
				1897E54A1AE8D0EC00E7C2A5 /* WriteNoteTableViewControllerViewModel.m in Sources */,
				1804CFAA1ADFE813006F0D21 /* AppDelegate.m in Sources */,
				1897E53F1AE8C32300E7C2A5 /* NoteEntity.m in Sources */,
				18FE3CE41AF1B488006D7536 /* JKLLockScreenPincodeView.m in Sources */,
				18FE3CE31AF1B488006D7536 /* JKLLockScreenNumber.m in Sources */,
				180468C11AE65E300077C749 /* NoteTableViewController.m in Sources */,
				1897E5521AE8D79D00E7C2A5 /* NoteTableViewCell.m in Sources */,
				1804CFAD1ADFE813006F0D21 /* TODO.xcdatamodeld in Sources */,
				1897E53B1AE88DB300E7C2A5 /* WriteNoteTableViewController.m in Sources */,
				1804CFB01ADFE813006F0D21 /* ViewController.m in Sources */,
				18FE3CE91AF1B603006D7536 /* MenuTableViewController.m in Sources */,
				18FE3CE51AF1B488006D7536 /* JKLLockScreenViewController.m in Sources */,
				1897E5431AE8C3CB00E7C2A5 /* NoteTableViewControllerViewModel.m in Sources */,
				1804CFA71ADFE813006F0D21 /* main.m in Sources */,
				186B832E1AEE6B7E0066A62D /* TouchIDViewController.m in Sources */,
				1897E5471AE8C87700E7C2A5 /* Constants.m in Sources */,
			);
			runOnlyForDeploymentPostprocessing = 0;
		};
		1804CFB91ADFE813006F0D21 /* Sources */ = {
			isa = PBXSourcesBuildPhase;
			buildActionMask = 2147483647;
			files = (
				1804CFC41ADFE813006F0D21 /* TODOTests.m in Sources */,
			);
			runOnlyForDeploymentPostprocessing = 0;
		};
/* End PBXSourcesBuildPhase section */

/* Begin PBXTargetDependency section */
		1804CFBF1ADFE813006F0D21 /* PBXTargetDependency */ = {
			isa = PBXTargetDependency;
			target = 1804CFA01ADFE813006F0D21 /* TODO */;
			targetProxy = 1804CFBE1ADFE813006F0D21 /* PBXContainerItemProxy */;
		};
/* End PBXTargetDependency section */

/* Begin PBXVariantGroup section */
		1804CFB11ADFE813006F0D21 /* Main.storyboard */ = {
			isa = PBXVariantGroup;
			children = (
				1804CFB21ADFE813006F0D21 /* Base */,
				180E29091AFB599700CBB8A6 /* zh-Hans */,
				180E290C1AFB5ADB00CBB8A6 /* en */,
			);
			name = Main.storyboard;
			sourceTree = "<group>";
		};
		1804CFB61ADFE813006F0D21 /* LaunchScreen.xib */ = {
			isa = PBXVariantGroup;
			children = (
				1804CFB71ADFE813006F0D21 /* Base */,
			);
			name = LaunchScreen.xib;
			sourceTree = "<group>";
		};
		180E29151AFB5E0000CBB8A6 /* Localizable.strings */ = {
			isa = PBXVariantGroup;
			children = (
				180E29161AFB5E0300CBB8A6 /* zh-Hans */,
				181D046C1AFC4A9900AEA2D3 /* en */,
			);
			name = Localizable.strings;
			sourceTree = "<group>";
		};
		184C504A1AFD964F00198616 /* InfoPlist.strings */ = {
			isa = PBXVariantGroup;
			children = (
				184C50491AFD964F00198616 /* zh-Hans */,
				184C504C1AFD965500198616 /* Base */,
			);
			name = InfoPlist.strings;
			sourceTree = "<group>";
		};
		184C50511AFD983500198616 /* Info.plist */ = {
			isa = PBXVariantGroup;
			children = (
				184C50541AFD983B00198616 /* Base */,
			);
			name = Info.plist;
			sourceTree = "<group>";
		};
/* End PBXVariantGroup section */

/* Begin XCBuildConfiguration section */
		1804CFC51ADFE813006F0D21 /* Debug */ = {
			isa = XCBuildConfiguration;
			buildSettings = {
				ALWAYS_SEARCH_USER_PATHS = NO;
				CLANG_CXX_LANGUAGE_STANDARD = "gnu++0x";
				CLANG_CXX_LIBRARY = "libc++";
				CLANG_ENABLE_MODULES = YES;
				CLANG_ENABLE_OBJC_ARC = YES;
				CLANG_WARN_BOOL_CONVERSION = YES;
				CLANG_WARN_CONSTANT_CONVERSION = YES;
				CLANG_WARN_DIRECT_OBJC_ISA_USAGE = YES_ERROR;
				CLANG_WARN_EMPTY_BODY = YES;
				CLANG_WARN_ENUM_CONVERSION = YES;
				CLANG_WARN_INT_CONVERSION = YES;
				CLANG_WARN_OBJC_ROOT_CLASS = YES_ERROR;
				CLANG_WARN_UNREACHABLE_CODE = YES;
				CLANG_WARN__DUPLICATE_METHOD_MATCH = YES;
				CODE_SIGN_IDENTITY = "iPhone Distribution: guandong chen (BU39DT6VD4)";
				"CODE_SIGN_IDENTITY[sdk=iphoneos*]" = "iPhone Distribution: guandong chen (BU39DT6VD4)";
				COPY_PHASE_STRIP = NO;
				DEBUG_INFORMATION_FORMAT = "dwarf-with-dsym";
				ENABLE_STRICT_OBJC_MSGSEND = YES;
				GCC_C_LANGUAGE_STANDARD = gnu99;
				GCC_DYNAMIC_NO_PIC = NO;
				GCC_NO_COMMON_BLOCKS = YES;
				GCC_OPTIMIZATION_LEVEL = 0;
				GCC_PREPROCESSOR_DEFINITIONS = (
					"DEBUG=1",
					"$(inherited)",
				);
				GCC_SYMBOLS_PRIVATE_EXTERN = NO;
				GCC_WARN_64_TO_32_BIT_CONVERSION = YES;
				GCC_WARN_ABOUT_RETURN_TYPE = YES_ERROR;
				GCC_WARN_UNDECLARED_SELECTOR = YES;
				GCC_WARN_UNINITIALIZED_AUTOS = YES_AGGRESSIVE;
				GCC_WARN_UNUSED_FUNCTION = YES;
				GCC_WARN_UNUSED_VARIABLE = YES;
				IPHONEOS_DEPLOYMENT_TARGET = 7.0;
				MTL_ENABLE_DEBUG_INFO = YES;
				ONLY_ACTIVE_ARCH = YES;
				SDKROOT = iphoneos;
				TARGETED_DEVICE_FAMILY = 1;
			};
			name = Debug;
		};
		1804CFC61ADFE813006F0D21 /* Release */ = {
			isa = XCBuildConfiguration;
			buildSettings = {
				ALWAYS_SEARCH_USER_PATHS = NO;
				CLANG_CXX_LANGUAGE_STANDARD = "gnu++0x";
				CLANG_CXX_LIBRARY = "libc++";
				CLANG_ENABLE_MODULES = YES;
				CLANG_ENABLE_OBJC_ARC = YES;
				CLANG_WARN_BOOL_CONVERSION = YES;
				CLANG_WARN_CONSTANT_CONVERSION = YES;
				CLANG_WARN_DIRECT_OBJC_ISA_USAGE = YES_ERROR;
				CLANG_WARN_EMPTY_BODY = YES;
				CLANG_WARN_ENUM_CONVERSION = YES;
				CLANG_WARN_INT_CONVERSION = YES;
				CLANG_WARN_OBJC_ROOT_CLASS = YES_ERROR;
				CLANG_WARN_UNREACHABLE_CODE = YES;
				CLANG_WARN__DUPLICATE_METHOD_MATCH = YES;
				CODE_SIGN_IDENTITY = "iPhone Distribution: guandong chen (BU39DT6VD4)";
				"CODE_SIGN_IDENTITY[sdk=iphoneos*]" = "iPhone Distribution: guandong chen (BU39DT6VD4)";
				COPY_PHASE_STRIP = NO;
				DEBUG_INFORMATION_FORMAT = "dwarf-with-dsym";
				ENABLE_NS_ASSERTIONS = NO;
				ENABLE_STRICT_OBJC_MSGSEND = YES;
				GCC_C_LANGUAGE_STANDARD = gnu99;
				GCC_NO_COMMON_BLOCKS = YES;
				GCC_WARN_64_TO_32_BIT_CONVERSION = YES;
				GCC_WARN_ABOUT_RETURN_TYPE = YES_ERROR;
				GCC_WARN_UNDECLARED_SELECTOR = YES;
				GCC_WARN_UNINITIALIZED_AUTOS = YES_AGGRESSIVE;
				GCC_WARN_UNUSED_FUNCTION = YES;
				GCC_WARN_UNUSED_VARIABLE = YES;
				IPHONEOS_DEPLOYMENT_TARGET = 7.0;
				MTL_ENABLE_DEBUG_INFO = NO;
				ONLY_ACTIVE_ARCH = NO;
				SDKROOT = iphoneos;
				TARGETED_DEVICE_FAMILY = 1;
				VALIDATE_PRODUCT = YES;
			};
			name = Release;
		};
		1804CFC81ADFE813006F0D21 /* Debug */ = {
			isa = XCBuildConfiguration;
			baseConfigurationReference = 52D650BC5F0A4C851F28E525 /* Pods.debug.xcconfig */;
			buildSettings = {
				ASSETCATALOG_COMPILER_APPICON_NAME = AppIcon;
				ASSETCATALOG_COMPILER_LAUNCHIMAGE_NAME = LaunchImage;
				CODE_SIGN_IDENTITY = "iPhone Distribution: guandong chen (BU39DT6VD4)";
				"CODE_SIGN_IDENTITY[sdk=iphoneos*]" = "iPhone Distribution: guandong chen (BU39DT6VD4)";
				INFOPLIST_FILE = /Users/Apple/Desktop/TODO/SRC/TODO/TODO/TODO/Base.lproj/info.plist;
				IPHONEOS_DEPLOYMENT_TARGET = 7.0;
				LD_RUNPATH_SEARCH_PATHS = "$(inherited) @executable_path/Frameworks";
				PRODUCT_NAME = "$(TARGET_NAME)";
				PROVISIONING_PROFILE = "f575436a-07dd-44fc-b4c7-94b267ad2c31";
				TARGETED_DEVICE_FAMILY = 1;
			};
			name = Debug;
		};
		1804CFC91ADFE813006F0D21 /* Release */ = {
			isa = XCBuildConfiguration;
			baseConfigurationReference = 7EC85B372C1884860BC2CBC9 /* Pods.release.xcconfig */;
			buildSettings = {
				ASSETCATALOG_COMPILER_APPICON_NAME = AppIcon;
				ASSETCATALOG_COMPILER_LAUNCHIMAGE_NAME = LaunchImage;
				CODE_SIGN_IDENTITY = "iPhone Distribution: guandong chen (BU39DT6VD4)";
				"CODE_SIGN_IDENTITY[sdk=iphoneos*]" = "iPhone Distribution: guandong chen (BU39DT6VD4)";
				INFOPLIST_FILE = /Users/Apple/Desktop/TODO/SRC/TODO/TODO/TODO/Base.lproj/info.plist;
				IPHONEOS_DEPLOYMENT_TARGET = 7.0;
				LD_RUNPATH_SEARCH_PATHS = "$(inherited) @executable_path/Frameworks";
				PRODUCT_NAME = "$(TARGET_NAME)";
				PROVISIONING_PROFILE = "f575436a-07dd-44fc-b4c7-94b267ad2c31";
				TARGETED_DEVICE_FAMILY = 1;
			};
			name = Release;
		};
		1804CFCB1ADFE813006F0D21 /* Debug */ = {
			isa = XCBuildConfiguration;
			buildSettings = {
				BUNDLE_LOADER = "$(TEST_HOST)";
				FRAMEWORK_SEARCH_PATHS = (
					"$(SDKROOT)/Developer/Library/Frameworks",
					"$(inherited)",
				);
				GCC_PREPROCESSOR_DEFINITIONS = (
					"DEBUG=1",
					"$(inherited)",
				);
				INFOPLIST_FILE = TODOTests/Info.plist;
				LD_RUNPATH_SEARCH_PATHS = "$(inherited) @executable_path/Frameworks @loader_path/Frameworks";
				PRODUCT_NAME = "$(TARGET_NAME)";
				TEST_HOST = "$(BUILT_PRODUCTS_DIR)/TODO.app/TODO";
			};
			name = Debug;
		};
		1804CFCC1ADFE813006F0D21 /* Release */ = {
			isa = XCBuildConfiguration;
			buildSettings = {
				BUNDLE_LOADER = "$(TEST_HOST)";
				FRAMEWORK_SEARCH_PATHS = (
					"$(SDKROOT)/Developer/Library/Frameworks",
					"$(inherited)",
				);
				INFOPLIST_FILE = TODOTests/Info.plist;
				LD_RUNPATH_SEARCH_PATHS = "$(inherited) @executable_path/Frameworks @loader_path/Frameworks";
				PRODUCT_NAME = "$(TARGET_NAME)";
				TEST_HOST = "$(BUILT_PRODUCTS_DIR)/TODO.app/TODO";
			};
			name = Release;
		};
/* End XCBuildConfiguration section */

/* Begin XCConfigurationList section */
		1804CF9C1ADFE813006F0D21 /* Build configuration list for PBXProject "TODO" */ = {
			isa = XCConfigurationList;
			buildConfigurations = (
				1804CFC51ADFE813006F0D21 /* Debug */,
				1804CFC61ADFE813006F0D21 /* Release */,
			);
			defaultConfigurationIsVisible = 0;
			defaultConfigurationName = Release;
		};
		1804CFC71ADFE813006F0D21 /* Build configuration list for PBXNativeTarget "TODO" */ = {
			isa = XCConfigurationList;
			buildConfigurations = (
				1804CFC81ADFE813006F0D21 /* Debug */,
				1804CFC91ADFE813006F0D21 /* Release */,
			);
			defaultConfigurationIsVisible = 0;
			defaultConfigurationName = Release;
		};
		1804CFCA1ADFE813006F0D21 /* Build configuration list for PBXNativeTarget "TODOTests" */ = {
			isa = XCConfigurationList;
			buildConfigurations = (
				1804CFCB1ADFE813006F0D21 /* Debug */,
				1804CFCC1ADFE813006F0D21 /* Release */,
			);
			defaultConfigurationIsVisible = 0;
			defaultConfigurationName = Release;
		};
/* End XCConfigurationList section */

/* Begin XCVersionGroup section */
		1804CFAB1ADFE813006F0D21 /* TODO.xcdatamodeld */ = {
			isa = XCVersionGroup;
			children = (
				1804CFAC1ADFE813006F0D21 /* TODO.xcdatamodel */,
			);
			currentVersion = 1804CFAC1ADFE813006F0D21 /* TODO.xcdatamodel */;
			path = TODO.xcdatamodeld;
			sourceTree = "<group>";
			versionGroupType = wrapper.xcdatamodel;
		};
/* End XCVersionGroup section */
	};
	rootObject = 1804CF991ADFE813006F0D21 /* Project object */;
}
